
Microsoft Visual Studio Solution File, Format Version 12.00
# Visual Studio Version 16
VisualStudioVersion = 16.0.33027.164
MinimumVisualStudioVersion = 10.0.40219.1
Project("{FAE04EC0-301F-11D3-BF4B-00C04F79EFBC}") = "UserApi", "UserApi\UserApi.csproj", "{113E1F6E-738C-4DE5-B651-B32035117E76}"
EndProject
Global
	GlobalSection(SolutionConfigurationPlatforms) = preSolution
		Debug|Any CPU = Debug|Any CPU
		Release|Any CPU = Release|Any CPU
	EndGlobalSection
	GlobalSection(ProjectConfigurationPlatforms) = postSolution
		{113E1F6E-738C-4DE5-B651-B32035117E76}.Debug|Any CPU.ActiveCfg = Debug|Any CPU
		{113E1F6E-738C-4DE5-B651-B32035117E76}.Debug|Any CPU.Build.0 = Debug|Any CPU
		{113E1F6E-738C-4DE5-B651-B32035117E76}.Release|Any CPU.ActiveCfg = Release|Any CPU
		{113E1F6E-738C-4DE5-B651-B32035117E76}.Release|Any CPU.Build.0 = Release|Any CPU
	EndGlobalSection
	GlobalSection(SolutionProperties) = preSolution
		HideSolutionNode = FALSE
	EndGlobalSection
	GlobalSection(ExtensibilityGlobals) = postSolution
		SolutionGuid = {6C972BC7-4B53-473F-9FA1-DF6C9BE10534}
	EndGlobalSection
EndGlobal
